// !$*UTF8*$!
{
	archiveVersion = 1;
	classes = {
	};
	objectVersion = 46;
	objects = {

/* Begin PBXBuildFile section */
		370D8B941F223D4200D227D7 /* main.m in Sources */ = {isa = PBXBuildFile; fileRef = 370D8B931F223D4200D227D7 /* main.m */; };
		370D8B9D1F223D4200D227D7 /* Main.storyboard in Resources */ = {isa = PBXBuildFile; fileRef = 370D8B9B1F223D4200D227D7 /* Main.storyboard */; };
		370D8B9F1F223D4200D227D7 /* Assets.xcassets in Resources */ = {isa = PBXBuildFile; fileRef = 370D8B9E1F223D4200D227D7 /* Assets.xcassets */; };
		370D8BA21F223D4200D227D7 /* LaunchScreen.storyboard in Resources */ = {isa = PBXBuildFile; fileRef = 370D8BA01F223D4200D227D7 /* LaunchScreen.storyboard */; };
		371681C61F3DB61900B2F1DD /* AppDelegate.m in Sources */ = {isa = PBXBuildFile; fileRef = 371681A81F3DB61900B2F1DD /* AppDelegate.m */; };
		371681C71F3DB61900B2F1DD /* TMAudioDecoder.m in Sources */ = {isa = PBXBuildFile; fileRef = 371681AC1F3DB61900B2F1DD /* TMAudioDecoder.m */; };
		371681C81F3DB61900B2F1DD /* TMAudioEncoder.m in Sources */ = {isa = PBXBuildFile; fileRef = 371681AE1F3DB61900B2F1DD /* TMAudioEncoder.m */; };
		371681C91F3DB61900B2F1DD /* TMAVConfig.m in Sources */ = {isa = PBXBuildFile; fileRef = 371681B01F3DB61900B2F1DD /* TMAVConfig.m */; };
		371681CA1F3DB61900B2F1DD /* TMAudioPCMPlayer.m in Sources */ = {isa = PBXBuildFile; fileRef = 371681B51F3DB61900B2F1DD /* TMAudioPCMPlayer.m */; };
		371681CB1F3DB61900B2F1DD /* TMCaptureManager.m in Sources */ = {isa = PBXBuildFile; fileRef = 371681B91F3DB61900B2F1DD /* TMCaptureManager.m */; };
		371681CC1F3DB61900B2F1DD /* TMSystemCapture.m in Sources */ = {isa = PBXBuildFile; fileRef = 371681BB1F3DB61900B2F1DD /* TMSystemCapture.m */; };
		371681CD1F3DB61900B2F1DD /* CommonTool.m in Sources */ = {isa = PBXBuildFile; fileRef = 371681BE1F3DB61900B2F1DD /* CommonTool.m */; };
		371681CE1F3DB61900B2F1DD /* FLVAnalysisTool.m in Sources */ = {isa = PBXBuildFile; fileRef = 371681C11F3DB61900B2F1DD /* FLVAnalysisTool.m */; };
		371681CF1F3DB61900B2F1DD /* TMAudioDataQueue.m in Sources */ = {isa = PBXBuildFile; fileRef = 371681C31F3DB61900B2F1DD /* TMAudioDataQueue.m */; };
		371681D01F3DB61900B2F1DD /* ViewController.m in Sources */ = {isa = PBXBuildFile; fileRef = 371681C51F3DB61900B2F1DD /* ViewController.m */; };
		37185C9C1F405DA000E75B7E /* TMVideoEncoder.m in Sources */ = {isa = PBXBuildFile; fileRef = 37185C9B1F405DA000E75B7E /* TMVideoEncoder.m */; };
		37185C9F1F40785900E75B7E /* TMVideoDecoder.m in Sources */ = {isa = PBXBuildFile; fileRef = 37185C9E1F40785900E75B7E /* TMVideoDecoder.m */; };
		37187D751F417F8C00D3E715 /* AAPLEAGLLayer.m in Sources */ = {isa = PBXBuildFile; fileRef = 37187D741F417F8C00D3E715 /* AAPLEAGLLayer.m */; };
/* End PBXBuildFile section */

/* Begin PBXFileReference section */
		370D8B8F1F223D4200D227D7 /* TMAVDemo.app */ = {isa = PBXFileReference; explicitFileType = wrapper.application; includeInIndex = 0; path = TMAVDemo.app; sourceTree = BUILT_PRODUCTS_DIR; };
		370D8B931F223D4200D227D7 /* main.m */ = {isa = PBXFileReference; lastKnownFileType = sourcecode.c.objc; path = main.m; sourceTree = "<group>"; };
		370D8B9C1F223D4200D227D7 /* Base */ = {isa = PBXFileReference; lastKnownFileType = file.storyboard; name = Base; path = Base.lproj/Main.storyboard; sourceTree = "<group>"; };
		370D8B9E1F223D4200D227D7 /* Assets.xcassets */ = {isa = PBXFileReference; lastKnownFileType = folder.assetcatalog; path = Assets.xcassets; sourceTree = "<group>"; };
		370D8BA11F223D4200D227D7 /* Base */ = {isa = PBXFileReference; lastKnownFileType = file.storyboard; name = Base; path = Base.lproj/LaunchScreen.storyboard; sourceTree = "<group>"; };
		370D8BA31F223D4200D227D7 /* Info.plist */ = {isa = PBXFileReference; lastKnownFileType = text.plist.xml; path = Info.plist; sourceTree = "<group>"; };
		371681A71F3DB61900B2F1DD /* AppDelegate.h */ = {isa = PBXFileReference; fileEncoding = 4; lastKnownFileType = sourcecode.c.h; path = AppDelegate.h; sourceTree = "<group>"; };
		371681A81F3DB61900B2F1DD /* AppDelegate.m */ = {isa = PBXFileReference; fileEncoding = 4; lastKnownFileType = sourcecode.c.objc; path = AppDelegate.m; sourceTree = "<group>"; };
		371681AB1F3DB61900B2F1DD /* TMAudioDecoder.h */ = {isa = PBXFileReference; fileEncoding = 4; lastKnownFileType = sourcecode.c.h; path = TMAudioDecoder.h; sourceTree = "<group>"; };
		371681AC1F3DB61900B2F1DD /* TMAudioDecoder.m */ = {isa = PBXFileReference; fileEncoding = 4; lastKnownFileType = sourcecode.c.objc; path = TMAudioDecoder.m; sourceTree = "<group>"; };
		371681AD1F3DB61900B2F1DD /* TMAudioEncoder.h */ = {isa = PBXFileReference; fileEncoding = 4; lastKnownFileType = sourcecode.c.h; path = TMAudioEncoder.h; sourceTree = "<group>"; };
		371681AE1F3DB61900B2F1DD /* TMAudioEncoder.m */ = {isa = PBXFileReference; fileEncoding = 4; lastKnownFileType = sourcecode.c.objc; path = TMAudioEncoder.m; sourceTree = "<group>"; };
		371681AF1F3DB61900B2F1DD /* TMAVConfig.h */ = {isa = PBXFileReference; fileEncoding = 4; lastKnownFileType = sourcecode.c.h; path = TMAVConfig.h; sourceTree = "<group>"; };
		371681B01F3DB61900B2F1DD /* TMAVConfig.m */ = {isa = PBXFileReference; fileEncoding = 4; lastKnownFileType = sourcecode.c.objc; path = TMAVConfig.m; sourceTree = "<group>"; };
		371681B41F3DB61900B2F1DD /* TMAudioPCMPlayer.h */ = {isa = PBXFileReference; fileEncoding = 4; lastKnownFileType = sourcecode.c.h; path = TMAudioPCMPlayer.h; sourceTree = "<group>"; };
		371681B51F3DB61900B2F1DD /* TMAudioPCMPlayer.m */ = {isa = PBXFileReference; fileEncoding = 4; lastKnownFileType = sourcecode.c.objc; path = TMAudioPCMPlayer.m; sourceTree = "<group>"; };
		371681B81F3DB61900B2F1DD /* TMCaptureManager.h */ = {isa = PBXFileReference; fileEncoding = 4; lastKnownFileType = sourcecode.c.h; path = TMCaptureManager.h; sourceTree = "<group>"; };
		371681B91F3DB61900B2F1DD /* TMCaptureManager.m */ = {isa = PBXFileReference; fileEncoding = 4; lastKnownFileType = sourcecode.c.objc; path = TMCaptureManager.m; sourceTree = "<group>"; };
		371681BA1F3DB61900B2F1DD /* TMSystemCapture.h */ = {isa = PBXFileReference; fileEncoding = 4; lastKnownFileType = sourcecode.c.h; path = TMSystemCapture.h; sourceTree = "<group>"; };
		371681BB1F3DB61900B2F1DD /* TMSystemCapture.m */ = {isa = PBXFileReference; fileEncoding = 4; lastKnownFileType = sourcecode.c.objc; path = TMSystemCapture.m; sourceTree = "<group>"; };
		371681BD1F3DB61900B2F1DD /* CommonTool.h */ = {isa = PBXFileReference; fileEncoding = 4; lastKnownFileType = sourcecode.c.h; path = CommonTool.h; sourceTree = "<group>"; };
		371681BE1F3DB61900B2F1DD /* CommonTool.m */ = {isa = PBXFileReference; fileEncoding = 4; lastKnownFileType = sourcecode.c.objc; path = CommonTool.m; sourceTree = "<group>"; };
		371681C01F3DB61900B2F1DD /* FLVAnalysisTool.h */ = {isa = PBXFileReference; fileEncoding = 4; lastKnownFileType = sourcecode.c.h; path = FLVAnalysisTool.h; sourceTree = "<group>"; };
		371681C11F3DB61900B2F1DD /* FLVAnalysisTool.m */ = {isa = PBXFileReference; fileEncoding = 4; lastKnownFileType = sourcecode.c.objc; path = FLVAnalysisTool.m; sourceTree = "<group>"; };
		371681C21F3DB61900B2F1DD /* TMAudioDataQueue.h */ = {isa = PBXFileReference; fileEncoding = 4; lastKnownFileType = sourcecode.c.h; path = TMAudioDataQueue.h; sourceTree = "<group>"; };
		371681C31F3DB61900B2F1DD /* TMAudioDataQueue.m */ = {isa = PBXFileReference; fileEncoding = 4; lastKnownFileType = sourcecode.c.objc; path = TMAudioDataQueue.m; sourceTree = "<group>"; };
		371681C41F3DB61900B2F1DD /* ViewController.h */ = {isa = PBXFileReference; fileEncoding = 4; lastKnownFileType = sourcecode.c.h; path = ViewController.h; sourceTree = "<group>"; };
		371681C51F3DB61900B2F1DD /* ViewController.m */ = {isa = PBXFileReference; fileEncoding = 4; lastKnownFileType = sourcecode.c.objc; path = ViewController.m; sourceTree = "<group>"; };
		37185C9A1F405DA000E75B7E /* TMVideoEncoder.h */ = {isa = PBXFileReference; fileEncoding = 4; lastKnownFileType = sourcecode.c.h; path = TMVideoEncoder.h; sourceTree = "<group>"; };
		37185C9B1F405DA000E75B7E /* TMVideoEncoder.m */ = {isa = PBXFileReference; fileEncoding = 4; lastKnownFileType = sourcecode.c.objc; path = TMVideoEncoder.m; sourceTree = "<group>"; };
		37185C9D1F40785900E75B7E /* TMVideoDecoder.h */ = {isa = PBXFileReference; fileEncoding = 4; lastKnownFileType = sourcecode.c.h; path = TMVideoDecoder.h; sourceTree = "<group>"; };
		37185C9E1F40785900E75B7E /* TMVideoDecoder.m */ = {isa = PBXFileReference; fileEncoding = 4; lastKnownFileType = sourcecode.c.objc; path = TMVideoDecoder.m; sourceTree = "<group>"; };
		37187D731F417F8C00D3E715 /* AAPLEAGLLayer.h */ = {isa = PBXFileReference; fileEncoding = 4; lastKnownFileType = sourcecode.c.h; path = AAPLEAGLLayer.h; sourceTree = "<group>"; };
		37187D741F417F8C00D3E715 /* AAPLEAGLLayer.m */ = {isa = PBXFileReference; fileEncoding = 4; lastKnownFileType = sourcecode.c.objc; path = AAPLEAGLLayer.m; sourceTree = "<group>"; };
/* End PBXFileReference section */

/* Begin PBXFrameworksBuildPhase section */
		370D8B8C1F223D4200D227D7 /* Frameworks */ = {
			isa = PBXFrameworksBuildPhase;
			buildActionMask = 2147483647;
			files = (
			);
			runOnlyForDeploymentPostprocessing = 0;
		};
/* End PBXFrameworksBuildPhase section */

/* Begin PBXGroup section */
		370D8B861F223D4200D227D7 = {
			isa = PBXGroup;
			children = (
				370D8B911F223D4200D227D7 /* TMAVDemo */,
				370D8B901F223D4200D227D7 /* Products */,
			);
			sourceTree = "<group>";
		};
		370D8B901F223D4200D227D7 /* Products */ = {
			isa = PBXGroup;
			children = (
				370D8B8F1F223D4200D227D7 /* TMAVDemo.app */,
			);
			name = Products;
			sourceTree = "<group>";
		};
		370D8B911F223D4200D227D7 /* TMAVDemo */ = {
			isa = PBXGroup;
			children = (
				371681A61F3DB61900B2F1DD /* Classes */,
				370D8B9B1F223D4200D227D7 /* Main.storyboard */,
				370D8B9E1F223D4200D227D7 /* Assets.xcassets */,
				370D8BA01F223D4200D227D7 /* LaunchScreen.storyboard */,
				370D8BA31F223D4200D227D7 /* Info.plist */,
				370D8B921F223D4200D227D7 /* Supporting Files */,
			);
			path = TMAVDemo;
			sourceTree = "<group>";
		};
		370D8B921F223D4200D227D7 /* Supporting Files */ = {
			isa = PBXGroup;
			children = (
				370D8B931F223D4200D227D7 /* main.m */,
			);
			name = "Supporting Files";
			sourceTree = "<group>";
		};
		371681A61F3DB61900B2F1DD /* Classes */ = {
			isa = PBXGroup;
			children = (
				371681B71F3DB61900B2F1DD /* Capture */,
				371681A91F3DB61900B2F1DD /* AVCoder */,
				371681B21F3DB61900B2F1DD /* AVPlayer */,
				371681BC1F3DB61900B2F1DD /* Other */,
				371681C41F3DB61900B2F1DD /* ViewController.h */,
				371681C51F3DB61900B2F1DD /* ViewController.m */,
				371681A71F3DB61900B2F1DD /* AppDelegate.h */,
				371681A81F3DB61900B2F1DD /* AppDelegate.m */,
			);
			path = Classes;
			sourceTree = "<group>";
		};
		371681A91F3DB61900B2F1DD /* AVCoder */ = {
			isa = PBXGroup;
			children = (
				371681AA1F3DB61900B2F1DD /* AACEncoder */,
				371681B11F3DB61900B2F1DD /* VideoCoder */,
				371681AF1F3DB61900B2F1DD /* TMAVConfig.h */,
				371681B01F3DB61900B2F1DD /* TMAVConfig.m */,
			);
			path = AVCoder;
			sourceTree = "<group>";
		};
		371681AA1F3DB61900B2F1DD /* AACEncoder */ = {
			isa = PBXGroup;
			children = (
				371681AB1F3DB61900B2F1DD /* TMAudioDecoder.h */,
				371681AC1F3DB61900B2F1DD /* TMAudioDecoder.m */,
				371681AD1F3DB61900B2F1DD /* TMAudioEncoder.h */,
				371681AE1F3DB61900B2F1DD /* TMAudioEncoder.m */,
			);
			path = AACEncoder;
			sourceTree = "<group>";
		};
		371681B11F3DB61900B2F1DD /* VideoCoder */ = {
			isa = PBXGroup;
			children = (
				37185C9A1F405DA000E75B7E /* TMVideoEncoder.h */,
				37185C9B1F405DA000E75B7E /* TMVideoEncoder.m */,
				37185C9D1F40785900E75B7E /* TMVideoDecoder.h */,
				37185C9E1F40785900E75B7E /* TMVideoDecoder.m */,
			);
			path = VideoCoder;
			sourceTree = "<group>";
		};
		371681B21F3DB61900B2F1DD /* AVPlayer */ = {
			isa = PBXGroup;
			children = (
				371681B31F3DB61900B2F1DD /* AudioPlayer */,
				371681B61F3DB61900B2F1DD /* VideoPlayer */,
			);
			path = AVPlayer;
			sourceTree = "<group>";
		};
		371681B31F3DB61900B2F1DD /* AudioPlayer */ = {
			isa = PBXGroup;
			children = (
				371681B41F3DB61900B2F1DD /* TMAudioPCMPlayer.h */,
				371681B51F3DB61900B2F1DD /* TMAudioPCMPlayer.m */,
			);
			path = AudioPlayer;
			sourceTree = "<group>";
		};
		371681B61F3DB61900B2F1DD /* VideoPlayer */ = {
			isa = PBXGroup;
			children = (
				37187D731F417F8C00D3E715 /* AAPLEAGLLayer.h */,
				37187D741F417F8C00D3E715 /* AAPLEAGLLayer.m */,
			);
			path = VideoPlayer;
			sourceTree = "<group>";
		};
		371681B71F3DB61900B2F1DD /* Capture */ = {
			isa = PBXGroup;
			children = (
				371681B81F3DB61900B2F1DD /* TMCaptureManager.h */,
				371681B91F3DB61900B2F1DD /* TMCaptureManager.m */,
				371681BA1F3DB61900B2F1DD /* TMSystemCapture.h */,
				371681BB1F3DB61900B2F1DD /* TMSystemCapture.m */,
			);
			path = Capture;
			sourceTree = "<group>";
		};
		371681BC1F3DB61900B2F1DD /* Other */ = {
			isa = PBXGroup;
			children = (
				371681BF1F3DB61900B2F1DD /* flv解析 */,
				371681BD1F3DB61900B2F1DD /* CommonTool.h */,
				371681BE1F3DB61900B2F1DD /* CommonTool.m */,
				371681C21F3DB61900B2F1DD /* TMAudioDataQueue.h */,
				371681C31F3DB61900B2F1DD /* TMAudioDataQueue.m */,
			);
			path = Other;
			sourceTree = "<group>";
		};
		371681BF1F3DB61900B2F1DD /* flv解析 */ = {
			isa = PBXGroup;
			children = (
				371681C01F3DB61900B2F1DD /* FLVAnalysisTool.h */,
				371681C11F3DB61900B2F1DD /* FLVAnalysisTool.m */,
			);
			path = "flv解析";
			sourceTree = "<group>";
		};
/* End PBXGroup section */

/* Begin PBXNativeTarget section */
		370D8B8E1F223D4200D227D7 /* TMAVDemo */ = {
			isa = PBXNativeTarget;
			buildConfigurationList = 370D8BA61F223D4200D227D7 /* Build configuration list for PBXNativeTarget "TMAVDemo" */;
			buildPhases = (
				370D8B8B1F223D4200D227D7 /* Sources */,
				370D8B8C1F223D4200D227D7 /* Frameworks */,
				370D8B8D1F223D4200D227D7 /* Resources */,
			);
			buildRules = (
			);
			dependencies = (
			);
			name = TMAVDemo;
			productName = TMAVDemo;
			productReference = 370D8B8F1F223D4200D227D7 /* TMAVDemo.app */;
			productType = "com.apple.product-type.application";
		};
/* End PBXNativeTarget section */

/* Begin PBXProject section */
		370D8B871F223D4200D227D7 /* Project object */ = {
			isa = PBXProject;
			attributes = {
				LastUpgradeCheck = 0830;
				ORGANIZATIONNAME = "天明";
				TargetAttributes = {
					370D8B8E1F223D4200D227D7 = {
						CreatedOnToolsVersion = 8.3.1;
						DevelopmentTeam = GZ86Z42ZH8;
						ProvisioningStyle = Automatic;
					};
				};
			};
			buildConfigurationList = 370D8B8A1F223D4200D227D7 /* Build configuration list for PBXProject "TMAVDemo" */;
			compatibilityVersion = "Xcode 3.2";
			developmentRegion = English;
			hasScannedForEncodings = 0;
			knownRegions = (
				en,
				Base,
			);
			mainGroup = 370D8B861F223D4200D227D7;
			productRefGroup = 370D8B901F223D4200D227D7 /* Products */;
			projectDirPath = "";
			projectRoot = "";
			targets = (
				370D8B8E1F223D4200D227D7 /* TMAVDemo */,
			);
		};
/* End PBXProject section */

/* Begin PBXResourcesBuildPhase section */
		370D8B8D1F223D4200D227D7 /* Resources */ = {
			isa = PBXResourcesBuildPhase;
			buildActionMask = 2147483647;
			files = (
				370D8BA21F223D4200D227D7 /* LaunchScreen.storyboard in Resources */,
				370D8B9F1F223D4200D227D7 /* Assets.xcassets in Resources */,
				370D8B9D1F223D4200D227D7 /* Main.storyboard in Resources */,
			);
			runOnlyForDeploymentPostprocessing = 0;
		};
/* End PBXResourcesBuildPhase section */

/* Begin PBXSourcesBuildPhase section */
		370D8B8B1F223D4200D227D7 /* Sources */ = {
			isa = PBXSourcesBuildPhase;
			buildActionMask = 2147483647;
			files = (
				371681CE1F3DB61900B2F1DD /* FLVAnalysisTool.m in Sources */,
				371681CB1F3DB61900B2F1DD /* TMCaptureManager.m in Sources */,
				371681CD1F3DB61900B2F1DD /* CommonTool.m in Sources */,
				371681C61F3DB61900B2F1DD /* AppDelegate.m in Sources */,
				371681CA1F3DB61900B2F1DD /* TMAudioPCMPlayer.m in Sources */,
				370D8B941F223D4200D227D7 /* main.m in Sources */,
				371681D01F3DB61900B2F1DD /* ViewController.m in Sources */,
				37185C9F1F40785900E75B7E /* TMVideoDecoder.m in Sources */,
				371681C81F3DB61900B2F1DD /* TMAudioEncoder.m in Sources */,
				37187D751F417F8C00D3E715 /* AAPLEAGLLayer.m in Sources */,
				37185C9C1F405DA000E75B7E /* TMVideoEncoder.m in Sources */,
				371681C71F3DB61900B2F1DD /* TMAudioDecoder.m in Sources */,
				371681CC1F3DB61900B2F1DD /* TMSystemCapture.m in Sources */,
				371681C91F3DB61900B2F1DD /* TMAVConfig.m in Sources */,
				371681CF1F3DB61900B2F1DD /* TMAudioDataQueue.m in Sources */,
			);
			runOnlyForDeploymentPostprocessing = 0;
		};
/* End PBXSourcesBuildPhase section */

/* Begin PBXVariantGroup section */
		370D8B9B1F223D4200D227D7 /* Main.storyboard */ = {
			isa = PBXVariantGroup;
			children = (
				370D8B9C1F223D4200D227D7 /* Base */,
			);
			name = Main.storyboard;
			sourceTree = "<group>";
		};
		370D8BA01F223D4200D227D7 /* LaunchScreen.storyboard */ = {
			isa = PBXVariantGroup;
			children = (
				370D8BA11F223D4200D227D7 /* Base */,
			);
			name = LaunchScreen.storyboard;
			sourceTree = "<group>";
		};
/* End PBXVariantGroup section */

/* Begin XCBuildConfiguration section */
		370D8BA41F223D4200D227D7 /* Debug */ = {
			isa = XCBuildConfiguration;
			buildSettings = {
				ALWAYS_SEARCH_USER_PATHS = NO;
				CLANG_ANALYZER_NONNULL = YES;
				CLANG_ANALYZER_NUMBER_OBJECT_CONVERSION = YES_AGGRESSIVE;
				CLANG_CXX_LANGUAGE_STANDARD = "gnu++0x";
				CLANG_CXX_LIBRARY = "libc++";
				CLANG_ENABLE_MODULES = YES;
				CLANG_ENABLE_OBJC_ARC = YES;
				CLANG_WARN_BOOL_CONVERSION = YES;
				CLANG_WARN_CONSTANT_CONVERSION = YES;
				CLANG_WARN_DIRECT_OBJC_ISA_USAGE = YES_ERROR;
				CLANG_WARN_DOCUMENTATION_COMMENTS = YES;
				CLANG_WARN_EMPTY_BODY = YES;
				CLANG_WARN_ENUM_CONVERSION = YES;
				CLANG_WARN_INFINITE_RECURSION = YES;
				CLANG_WARN_INT_CONVERSION = YES;
				CLANG_WARN_OBJC_ROOT_CLASS = YES_ERROR;
				CLANG_WARN_SUSPICIOUS_MOVE = YES;
				CLANG_WARN_UNREACHABLE_CODE = YES;
				CLANG_WARN__DUPLICATE_METHOD_MATCH = YES;
				"CODE_SIGN_IDENTITY[sdk=iphoneos*]" = "iPhone Developer";
				COPY_PHASE_STRIP = NO;
				DEBUG_INFORMATION_FORMAT = dwarf;
				ENABLE_STRICT_OBJC_MSGSEND = YES;
				ENABLE_TESTABILITY = YES;
				GCC_C_LANGUAGE_STANDARD = gnu99;
				GCC_DYNAMIC_NO_PIC = NO;
				GCC_NO_COMMON_BLOCKS = YES;
				GCC_OPTIMIZATION_LEVEL = 0;
				GCC_PREPROCESSOR_DEFINITIONS = (
					"DEBUG=1",
					"$(inherited)",
				);
				GCC_WARN_64_TO_32_BIT_CONVERSION = YES;
				GCC_WARN_ABOUT_RETURN_TYPE = YES_ERROR;
				GCC_WARN_UNDECLARED_SELECTOR = YES;
				GCC_WARN_UNINITIALIZED_AUTOS = YES_AGGRESSIVE;
				GCC_WARN_UNUSED_FUNCTION = YES;
				GCC_WARN_UNUSED_VARIABLE = YES;
				IPHONEOS_DEPLOYMENT_TARGET = 10.3;
				MTL_ENABLE_DEBUG_INFO = YES;
				ONLY_ACTIVE_ARCH = YES;
				SDKROOT = iphoneos;
				TARGETED_DEVICE_FAMILY = "1,2";
			};
			name = Debug;
		};
		370D8BA51F223D4200D227D7 /* Release */ = {
			isa = XCBuildConfiguration;
			buildSettings = {
				ALWAYS_SEARCH_USER_PATHS = NO;
				CLANG_ANALYZER_NONNULL = YES;
				CLANG_ANALYZER_NUMBER_OBJECT_CONVERSION = YES_AGGRESSIVE;
				CLANG_CXX_LANGUAGE_STANDARD = "gnu++0x";
				CLANG_CXX_LIBRARY = "libc++";
				CLANG_ENABLE_MODULES = YES;
				CLANG_ENABLE_OBJC_ARC = YES;
				CLANG_WARN_BOOL_CONVERSION = YES;
				CLANG_WARN_CONSTANT_CONVERSION = YES;
				CLANG_WARN_DIRECT_OBJC_ISA_USAGE = YES_ERROR;
				CLANG_WARN_DOCUMENTATION_COMMENTS = YES;
				CLANG_WARN_EMPTY_BODY = YES;
				CLANG_WARN_ENUM_CONVERSION = YES;
				CLANG_WARN_INFINITE_RECURSION = YES;
				CLANG_WARN_INT_CONVERSION = YES;
				CLANG_WARN_OBJC_ROOT_CLASS = YES_ERROR;
				CLANG_WARN_SUSPICIOUS_MOVE = YES;
				CLANG_WARN_UNREACHABLE_CODE = YES;
				CLANG_WARN__DUPLICATE_METHOD_MATCH = YES;
				"CODE_SIGN_IDENTITY[sdk=iphoneos*]" = "iPhone Developer";
				COPY_PHASE_STRIP = NO;
				DEBUG_INFORMATION_FORMAT = "dwarf-with-dsym";
				ENABLE_NS_ASSERTIONS = NO;
				ENABLE_STRICT_OBJC_MSGSEND = YES;
				GCC_C_LANGUAGE_STANDARD = gnu99;
				GCC_NO_COMMON_BLOCKS = YES;
				GCC_WARN_64_TO_32_BIT_CONVERSION = YES;
				GCC_WARN_ABOUT_RETURN_TYPE = YES_ERROR;
				GCC_WARN_UNDECLARED_SELECTOR = YES;
				GCC_WARN_UNINITIALIZED_AUTOS = YES_AGGRESSIVE;
				GCC_WARN_UNUSED_FUNCTION = YES;
				GCC_WARN_UNUSED_VARIABLE = YES;
				IPHONEOS_DEPLOYMENT_TARGET = 10.3;
				MTL_ENABLE_DEBUG_INFO = NO;
				SDKROOT = iphoneos;
				TARGETED_DEVICE_FAMILY = "1,2";
				VALIDATE_PRODUCT = YES;
			};
			name = Release;
		};
		370D8BA71F223D4200D227D7 /* Debug */ = {
			isa = XCBuildConfiguration;
			buildSettings = {
				ASSETCATALOG_COMPILER_APPICON_NAME = AppIcon;
				"CODE_SIGN_IDENTITY[sdk=iphoneos*]" = "iPhone Developer";
				DEVELOPMENT_TEAM = GZ86Z42ZH8;
				INFOPLIST_FILE = TMAVDemo/Info.plist;
				IPHONEOS_DEPLOYMENT_TARGET = 8.0;
				LD_RUNPATH_SEARCH_PATHS = "$(inherited) @executable_path/Frameworks";
				PRODUCT_BUNDLE_IDENTIFIER = "LIU.chatUI.AudioQueue--me";
				PRODUCT_NAME = "$(TARGET_NAME)";
				PROVISIONING_PROFILE_SPECIFIER = "";
			};
			name = Debug;
		};
		370D8BA81F223D4200D227D7 /* Release */ = {
			isa = XCBuildConfiguration;
			buildSettings = {
				ASSETCATALOG_COMPILER_APPICON_NAME = AppIcon;
				"CODE_SIGN_IDENTITY[sdk=iphoneos*]" = "iPhone Developer";
				DEVELOPMENT_TEAM = GZ86Z42ZH8;
				INFOPLIST_FILE = TMAVDemo/Info.plist;
				IPHONEOS_DEPLOYMENT_TARGET = 8.0;
				LD_RUNPATH_SEARCH_PATHS = "$(inherited) @executable_path/Frameworks";
				PRODUCT_BUNDLE_IDENTIFIER = "LIU.chatUI.AudioQueue--me";
				PRODUCT_NAME = "$(TARGET_NAME)";
				PROVISIONING_PROFILE_SPECIFIER = "";
			};
			name = Release;
		};
/* End XCBuildConfiguration section */

/* Begin XCConfigurationList section */
		370D8B8A1F223D4200D227D7 /* Build configuration list for PBXProject "TMAVDemo" */ = {
			isa = XCConfigurationList;
			buildConfigurations = (
				370D8BA41F223D4200D227D7 /* Debug */,
				370D8BA51F223D4200D227D7 /* Release */,
			);
			defaultConfigurationIsVisible = 0;
			defaultConfigurationName = Release;
		};
		370D8BA61F223D4200D227D7 /* Build configuration list for PBXNativeTarget "TMAVDemo" */ = {
			isa = XCConfigurationList;
			buildConfigurations = (
				370D8BA71F223D4200D227D7 /* Debug */,
				370D8BA81F223D4200D227D7 /* Release */,
			);
			defaultConfigurationIsVisible = 0;
			defaultConfigurationName = Release;
		};
/* End XCConfigurationList section */
	};
	rootObject = 370D8B871F223D4200D227D7 /* Project object */;
}
